// !$*UTF8*$!
{
	archiveVersion = 1;
	classes = {
	};
	objectVersion = 46;
	objects = {

/* Begin PBXBuildFile section */
		0F8790501B8B84A6000E13B1 /* square_map.png in Resources */ = {isa = PBXBuildFile; fileRef = 0F87904F1B8B84A6000E13B1 /* square_map.png */; };
		0F8790521B8B9D81000E13B1 /* TapHouseDetailViewController.swift in Sources */ = {isa = PBXBuildFile; fileRef = 0F8790511B8B9D81000E13B1 /* TapHouseDetailViewController.swift */; };
		0F8790601B8FC570000E13B1 /* ToursDetailViewController.swift in Sources */ = {isa = PBXBuildFile; fileRef = 0F87905F1B8FC570000E13B1 /* ToursDetailViewController.swift */; };
		109C6AB81B7A805100C955B4 /* CraftBeerMap.xcdatamodeld in Sources */ = {isa = PBXBuildFile; fileRef = 109C6AB61B7A805100C955B4 /* CraftBeerMap.xcdatamodeld */; };
		109C6ABA1B7A86C300C955B4 /* craft-beer-mapLarge.jpg in Resources */ = {isa = PBXBuildFile; fileRef = 109C6AB91B7A86C300C955B4 /* craft-beer-mapLarge.jpg */; };
		109C6ABC1B7AA5CC00C955B4 /* Brewer.swift in Sources */ = {isa = PBXBuildFile; fileRef = 109C6ABB1B7AA5CC00C955B4 /* Brewer.swift */; };
		10ECECD81B979FA2008F6114 /* irishtimes.png in Resources */ = {isa = PBXBuildFile; fileRef = 10ECECD71B979FA2008F6114 /* irishtimes.png */; };
		10ECECDA1B979FB0008F6114 /* VIB.png in Resources */ = {isa = PBXBuildFile; fileRef = 10ECECD91B979FB0008F6114 /* VIB.png */; };
		10ECECDC1B979FB9008F6114 /* canoe.png in Resources */ = {isa = PBXBuildFile; fileRef = 10ECECDB1B979FB9008F6114 /* canoe.png */; };
		10ECECDE1B979FC2008F6114 /* phillips.png in Resources */ = {isa = PBXBuildFile; fileRef = 10ECECDD1B979FC2008F6114 /* phillips.png */; };
		10ECECE01B979FC8008F6114 /* bard.png in Resources */ = {isa = PBXBuildFile; fileRef = 10ECECDF1B979FC8008F6114 /* bard.png */; };
		10EE6DED1B6FE341007A8659 /* AppDelegate.swift in Sources */ = {isa = PBXBuildFile; fileRef = 10EE6DEC1B6FE341007A8659 /* AppDelegate.swift */; };
		10EE6DEF1B6FE341007A8659 /* MapViewController.swift in Sources */ = {isa = PBXBuildFile; fileRef = 10EE6DEE1B6FE341007A8659 /* MapViewController.swift */; };
		10EE6DF21B6FE341007A8659 /* Main.storyboard in Resources */ = {isa = PBXBuildFile; fileRef = 10EE6DF01B6FE341007A8659 /* Main.storyboard */; };
		10EE6DF41B6FE341007A8659 /* Images.xcassets in Resources */ = {isa = PBXBuildFile; fileRef = 10EE6DF31B6FE341007A8659 /* Images.xcassets */; };
		10EE6DF71B6FE341007A8659 /* LaunchScreen.xib in Resources */ = {isa = PBXBuildFile; fileRef = 10EE6DF51B6FE341007A8659 /* LaunchScreen.xib */; };
		10EE6E031B6FE341007A8659 /* CraftBeerMapTests.swift in Sources */ = {isa = PBXBuildFile; fileRef = 10EE6E021B6FE341007A8659 /* CraftBeerMapTests.swift */; };
		10EE6E0D1B6FE44E007A8659 /* BeerMap-Cover1.jpg in Resources */ = {isa = PBXBuildFile; fileRef = 10EE6E0C1B6FE44E007A8659 /* BeerMap-Cover1.jpg */; };
		10EE6E0F1B6FE93B007A8659 /* BeersUIViewController.swift in Sources */ = {isa = PBXBuildFile; fileRef = 10EE6E0E1B6FE93B007A8659 /* BeersUIViewController.swift */; };
		10EE6E111B6FE951007A8659 /* TapHousesUIViewController.swift in Sources */ = {isa = PBXBuildFile; fileRef = 10EE6E101B6FE951007A8659 /* TapHousesUIViewController.swift */; };
		10EE6E131B6FE961007A8659 /* BreweriesUIViewController.swift in Sources */ = {isa = PBXBuildFile; fileRef = 10EE6E121B6FE961007A8659 /* BreweriesUIViewController.swift */; };
		10EE6E151B6FE96F007A8659 /* ToursUIViewController.swift in Sources */ = {isa = PBXBuildFile; fileRef = 10EE6E141B6FE96F007A8659 /* ToursUIViewController.swift */; };
		10EE6E191B6FFF03007A8659 /* Blue-Buck-Poster-full-size-2.jpg in Resources */ = {isa = PBXBuildFile; fileRef = 10EE6E181B6FFF03007A8659 /* Blue-Buck-Poster-full-size-2.jpg */; };
		10EE6E1B1B6FFF53007A8659 /* BeerDetailViewController.swift in Sources */ = {isa = PBXBuildFile; fileRef = 10EE6E1A1B6FFF53007A8659 /* BeerDetailViewController.swift */; };
		10EE6E211B70049F007A8659 /* 1438650995_beer.png in Resources */ = {isa = PBXBuildFile; fileRef = 10EE6E201B70049F007A8659 /* 1438650995_beer.png */; };
		10EE6E271B700586007A8659 /* 1438651466_location-24.png in Resources */ = {isa = PBXBuildFile; fileRef = 10EE6E261B700586007A8659 /* 1438651466_location-24.png */; };
		10EE6E291B7005CF007A8659 /* 1438651544_09-house.png in Resources */ = {isa = PBXBuildFile; fileRef = 10EE6E281B7005CF007A8659 /* 1438651544_09-house.png */; };
		10EE6E2B1B700641007A8659 /* 1438651657_factory.png in Resources */ = {isa = PBXBuildFile; fileRef = 10EE6E2A1B700641007A8659 /* 1438651657_factory.png */; };
		10EE6E2D1B7006BD007A8659 /* 1438651783_walking.png in Resources */ = {isa = PBXBuildFile; fileRef = 10EE6E2C1B7006BD007A8659 /* 1438651783_walking.png */; };
		10EE6E2F1B700701007A8659 /* 1438651851_beer.png in Resources */ = {isa = PBXBuildFile; fileRef = 10EE6E2E1B700701007A8659 /* 1438651851_beer.png */; };
		10EE6E311B700DAB007A8659 /* taphouse2.jpg in Resources */ = {isa = PBXBuildFile; fileRef = 10EE6E301B700DAB007A8659 /* taphouse2.jpg */; };
		10EE6E331B7015E6007A8659 /* barnstormer.png in Resources */ = {isa = PBXBuildFile; fileRef = 10EE6E321B7015E6007A8659 /* barnstormer.png */; };
		10EE6E351B702058007A8659 /* craft-beer-map.jpg in Resources */ = {isa = PBXBuildFile; fileRef = 10EE6E341B702058007A8659 /* craft-beer-map.jpg */; };
		10EE6E391B7028BE007A8659 /* craft-beer-map_rotated.jpg in Resources */ = {isa = PBXBuildFile; fileRef = 10EE6E381B7028BE007A8659 /* craft-beer-map_rotated.jpg */; };
		16213FAB1B8253F000650974 /* beerglasses.jpg in Resources */ = {isa = PBXBuildFile; fileRef = 16213FAA1B8253F000650974 /* beerglasses.jpg */; };
		167F71141B82459C00DAC9C6 /* Default-568h@2x.png in Resources */ = {isa = PBXBuildFile; fileRef = 167F71131B82459C00DAC9C6 /* Default-568h@2x.png */; };
		16C71D6F1B828B8F00B75418 /* Hermanns-old-6-pack-400.jpg in Resources */ = {isa = PBXBuildFile; fileRef = 16C71D6E1B828B8F00B75418 /* Hermanns-old-6-pack-400.jpg */; };
		16C71D711B828C1600B75418 /* BrewerDetailViewController.swift in Sources */ = {isa = PBXBuildFile; fileRef = 16C71D701B828C1600B75418 /* BrewerDetailViewController.swift */; };
/* End PBXBuildFile section */

/* Begin PBXContainerItemProxy section */
		10EE6DFD1B6FE341007A8659 /* PBXContainerItemProxy */ = {
			isa = PBXContainerItemProxy;
			containerPortal = 10EE6DDF1B6FE341007A8659 /* Project object */;
			proxyType = 1;
			remoteGlobalIDString = 10EE6DE61B6FE341007A8659;
			remoteInfo = "Craft Beer Map";
		};
/* End PBXContainerItemProxy section */

/* Begin PBXFileReference section */
		0F87904F1B8B84A6000E13B1 /* square_map.png */ = {isa = PBXFileReference; lastKnownFileType = image.png; name = square_map.png; path = "../../../../com~apple~Preview/Documents/square_map.png"; sourceTree = "<group>"; };
		0F8790511B8B9D81000E13B1 /* TapHouseDetailViewController.swift */ = {isa = PBXFileReference; fileEncoding = 4; lastKnownFileType = sourcecode.swift; path = TapHouseDetailViewController.swift; sourceTree = "<group>"; };
		0F87905F1B8FC570000E13B1 /* ToursDetailViewController.swift */ = {isa = PBXFileReference; fileEncoding = 4; lastKnownFileType = sourcecode.swift; path = ToursDetailViewController.swift; sourceTree = "<group>"; };
		109C6AB71B7A805100C955B4 /* CraftBeerMap.xcdatamodel */ = {isa = PBXFileReference; lastKnownFileType = wrapper.xcdatamodel; path = CraftBeerMap.xcdatamodel; sourceTree = "<group>"; };
		109C6AB91B7A86C300C955B4 /* craft-beer-mapLarge.jpg */ = {isa = PBXFileReference; lastKnownFileType = image.jpeg; path = "craft-beer-mapLarge.jpg"; sourceTree = "<group>"; };
		109C6ABB1B7AA5CC00C955B4 /* Brewer.swift */ = {isa = PBXFileReference; fileEncoding = 4; lastKnownFileType = sourcecode.swift; name = Brewer.swift; path = ../Brewer.swift; sourceTree = "<group>"; };
		10ECECD71B979FA2008F6114 /* irishtimes.png */ = {isa = PBXFileReference; lastKnownFileType = image.png; path = irishtimes.png; sourceTree = "<group>"; };
		10ECECD91B979FB0008F6114 /* VIB.png */ = {isa = PBXFileReference; lastKnownFileType = image.png; path = VIB.png; sourceTree = "<group>"; };
		10ECECDB1B979FB9008F6114 /* canoe.png */ = {isa = PBXFileReference; lastKnownFileType = image.png; path = canoe.png; sourceTree = "<group>"; };
		10ECECDD1B979FC2008F6114 /* phillips.png */ = {isa = PBXFileReference; lastKnownFileType = image.png; path = phillips.png; sourceTree = "<group>"; };
		10ECECDF1B979FC8008F6114 /* bard.png */ = {isa = PBXFileReference; lastKnownFileType = image.png; path = bard.png; sourceTree = "<group>"; };
		10EE6DE71B6FE341007A8659 /* CraftBeerMap.app */ = {isa = PBXFileReference; explicitFileType = wrapper.application; includeInIndex = 0; path = CraftBeerMap.app; sourceTree = BUILT_PRODUCTS_DIR; };
		10EE6DEB1B6FE341007A8659 /* Info.plist */ = {isa = PBXFileReference; lastKnownFileType = text.plist.xml; path = Info.plist; sourceTree = "<group>"; };
		10EE6DEC1B6FE341007A8659 /* AppDelegate.swift */ = {isa = PBXFileReference; lastKnownFileType = sourcecode.swift; path = AppDelegate.swift; sourceTree = "<group>"; };
		10EE6DEE1B6FE341007A8659 /* MapViewController.swift */ = {isa = PBXFileReference; lastKnownFileType = sourcecode.swift; path = MapViewController.swift; sourceTree = "<group>"; };
		10EE6DF11B6FE341007A8659 /* Base */ = {isa = PBXFileReference; lastKnownFileType = file.storyboard; name = Base; path = Base.lproj/Main.storyboard; sourceTree = "<group>"; };
		10EE6DF31B6FE341007A8659 /* Images.xcassets */ = {isa = PBXFileReference; lastKnownFileType = folder.assetcatalog; path = Images.xcassets; sourceTree = "<group>"; };
		10EE6DF61B6FE341007A8659 /* Base */ = {isa = PBXFileReference; lastKnownFileType = file.xib; name = Base; path = Base.lproj/LaunchScreen.xib; sourceTree = "<group>"; };
		10EE6DFC1B6FE341007A8659 /* Craft Beer MapTests.xctest */ = {isa = PBXFileReference; explicitFileType = wrapper.cfbundle; includeInIndex = 0; path = "Craft Beer MapTests.xctest"; sourceTree = BUILT_PRODUCTS_DIR; };
		10EE6E011B6FE341007A8659 /* Info.plist */ = {isa = PBXFileReference; lastKnownFileType = text.plist.xml; path = Info.plist; sourceTree = "<group>"; };
		10EE6E021B6FE341007A8659 /* CraftBeerMapTests.swift */ = {isa = PBXFileReference; lastKnownFileType = sourcecode.swift; path = CraftBeerMapTests.swift; sourceTree = "<group>"; };
		10EE6E0C1B6FE44E007A8659 /* BeerMap-Cover1.jpg */ = {isa = PBXFileReference; lastKnownFileType = image.jpeg; path = "BeerMap-Cover1.jpg"; sourceTree = "<group>"; };
		10EE6E0E1B6FE93B007A8659 /* BeersUIViewController.swift */ = {isa = PBXFileReference; fileEncoding = 4; lastKnownFileType = sourcecode.swift; path = BeersUIViewController.swift; sourceTree = "<group>"; };
		10EE6E101B6FE951007A8659 /* TapHousesUIViewController.swift */ = {isa = PBXFileReference; fileEncoding = 4; lastKnownFileType = sourcecode.swift; path = TapHousesUIViewController.swift; sourceTree = "<group>"; };
		10EE6E121B6FE961007A8659 /* BreweriesUIViewController.swift */ = {isa = PBXFileReference; fileEncoding = 4; lastKnownFileType = sourcecode.swift; path = BreweriesUIViewController.swift; sourceTree = "<group>"; };
		10EE6E141B6FE96F007A8659 /* ToursUIViewController.swift */ = {isa = PBXFileReference; fileEncoding = 4; lastKnownFileType = sourcecode.swift; path = ToursUIViewController.swift; sourceTree = "<group>"; };
		10EE6E181B6FFF03007A8659 /* Blue-Buck-Poster-full-size-2.jpg */ = {isa = PBXFileReference; lastKnownFileType = image.jpeg; path = "Blue-Buck-Poster-full-size-2.jpg"; sourceTree = "<group>"; };
		10EE6E1A1B6FFF53007A8659 /* BeerDetailViewController.swift */ = {isa = PBXFileReference; fileEncoding = 4; lastKnownFileType = sourcecode.swift; path = BeerDetailViewController.swift; sourceTree = "<group>"; };
		10EE6E201B70049F007A8659 /* 1438650995_beer.png */ = {isa = PBXFileReference; lastKnownFileType = image.png; path = 1438650995_beer.png; sourceTree = "<group>"; };
		10EE6E261B700586007A8659 /* 1438651466_location-24.png */ = {isa = PBXFileReference; lastKnownFileType = image.png; path = "1438651466_location-24.png"; sourceTree = "<group>"; };
		10EE6E281B7005CF007A8659 /* 1438651544_09-house.png */ = {isa = PBXFileReference; lastKnownFileType = image.png; path = "1438651544_09-house.png"; sourceTree = "<group>"; };
		10EE6E2A1B700641007A8659 /* 1438651657_factory.png */ = {isa = PBXFileReference; lastKnownFileType = image.png; path = 1438651657_factory.png; sourceTree = "<group>"; };
		10EE6E2C1B7006BD007A8659 /* 1438651783_walking.png */ = {isa = PBXFileReference; lastKnownFileType = image.png; path = 1438651783_walking.png; sourceTree = "<group>"; };
		10EE6E2E1B700701007A8659 /* 1438651851_beer.png */ = {isa = PBXFileReference; lastKnownFileType = image.png; path = 1438651851_beer.png; sourceTree = "<group>"; };
		10EE6E301B700DAB007A8659 /* taphouse2.jpg */ = {isa = PBXFileReference; lastKnownFileType = image.jpeg; path = taphouse2.jpg; sourceTree = "<group>"; };
		10EE6E321B7015E6007A8659 /* barnstormer.png */ = {isa = PBXFileReference; lastKnownFileType = image.png; path = barnstormer.png; sourceTree = "<group>"; };
		10EE6E341B702058007A8659 /* craft-beer-map.jpg */ = {isa = PBXFileReference; lastKnownFileType = image.jpeg; path = "craft-beer-map.jpg"; sourceTree = "<group>"; };
		10EE6E381B7028BE007A8659 /* craft-beer-map_rotated.jpg */ = {isa = PBXFileReference; lastKnownFileType = image.jpeg; path = "craft-beer-map_rotated.jpg"; sourceTree = "<group>"; };
		16213FAA1B8253F000650974 /* beerglasses.jpg */ = {isa = PBXFileReference; lastKnownFileType = image.jpeg; name = beerglasses.jpg; path = ../../../beerglasses.jpg; sourceTree = "<group>"; };
		167F71131B82459C00DAC9C6 /* Default-568h@2x.png */ = {isa = PBXFileReference; lastKnownFileType = image.png; path = "Default-568h@2x.png"; sourceTree = "<group>"; };
		16C71D6E1B828B8F00B75418 /* Hermanns-old-6-pack-400.jpg */ = {isa = PBXFileReference; lastKnownFileType = image.jpeg; name = "Hermanns-old-6-pack-400.jpg"; path = "../../../Hermanns-old-6-pack-400.jpg"; sourceTree = "<group>"; };
		16C71D701B828C1600B75418 /* BrewerDetailViewController.swift */ = {isa = PBXFileReference; fileEncoding = 4; lastKnownFileType = sourcecode.swift; path = BrewerDetailViewController.swift; sourceTree = "<group>"; };
/* End PBXFileReference section */

/* Begin PBXFrameworksBuildPhase section */
		10EE6DE41B6FE341007A8659 /* Frameworks */ = {
			isa = PBXFrameworksBuildPhase;
			buildActionMask = 2147483647;
			files = (
			);
			runOnlyForDeploymentPostprocessing = 0;
		};
		10EE6DF91B6FE341007A8659 /* Frameworks */ = {
			isa = PBXFrameworksBuildPhase;
			buildActionMask = 2147483647;
			files = (
			);
			runOnlyForDeploymentPostprocessing = 0;
		};
/* End PBXFrameworksBuildPhase section */

/* Begin PBXGroup section */
		10EE6DDE1B6FE341007A8659 = {
			isa = PBXGroup;
			children = (
				167F71131B82459C00DAC9C6 /* Default-568h@2x.png */,
				10EE6DE91B6FE341007A8659 /* CraftBeerMap */,
				10EE6DFF1B6FE341007A8659 /* CraftBeerMapTests */,
				10EE6DE81B6FE341007A8659 /* Products */,
			);
			sourceTree = "<group>";
		};
		10EE6DE81B6FE341007A8659 /* Products */ = {
			isa = PBXGroup;
			children = (
				10EE6DE71B6FE341007A8659 /* CraftBeerMap.app */,
				10EE6DFC1B6FE341007A8659 /* Craft Beer MapTests.xctest */,
			);
			name = Products;
			sourceTree = "<group>";
		};
		10EE6DE91B6FE341007A8659 /* CraftBeerMap */ = {
			isa = PBXGroup;
			children = (
				109C6ABB1B7AA5CC00C955B4 /* Brewer.swift */,
				10EE6DEC1B6FE341007A8659 /* AppDelegate.swift */,
				10EE6DEE1B6FE341007A8659 /* MapViewController.swift */,
				10EE6DF01B6FE341007A8659 /* Main.storyboard */,
				10EE6E0E1B6FE93B007A8659 /* BeersUIViewController.swift */,
				10EE6E1A1B6FFF53007A8659 /* BeerDetailViewController.swift */,
				10EE6E121B6FE961007A8659 /* BreweriesUIViewController.swift */,
				16C71D701B828C1600B75418 /* BrewerDetailViewController.swift */,
				10EE6E101B6FE951007A8659 /* TapHousesUIViewController.swift */,
				0F8790511B8B9D81000E13B1 /* TapHouseDetailViewController.swift */,
				10EE6E141B6FE96F007A8659 /* ToursUIViewController.swift */,
				0F87905F1B8FC570000E13B1 /* ToursDetailViewController.swift */,
				16C71D6E1B828B8F00B75418 /* Hermanns-old-6-pack-400.jpg */,
				109C6AB61B7A805100C955B4 /* CraftBeerMap.xcdatamodeld */,
				10EE6E0C1B6FE44E007A8659 /* BeerMap-Cover1.jpg */,
				10ECECD71B979FA2008F6114 /* irishtimes.png */,
				10ECECD91B979FB0008F6114 /* VIB.png */,
				10ECECDF1B979FC8008F6114 /* bard.png */,
				10ECECDD1B979FC2008F6114 /* phillips.png */,
				10ECECDB1B979FB9008F6114 /* canoe.png */,
				10EE6E181B6FFF03007A8659 /* Blue-Buck-Poster-full-size-2.jpg */,
				10EE6E2A1B700641007A8659 /* 1438651657_factory.png */,
				10EE6E261B700586007A8659 /* 1438651466_location-24.png */,
				10EE6E281B7005CF007A8659 /* 1438651544_09-house.png */,
				10EE6E2E1B700701007A8659 /* 1438651851_beer.png */,
				10EE6E201B70049F007A8659 /* 1438650995_beer.png */,
				10EE6E2C1B7006BD007A8659 /* 1438651783_walking.png */,
				16213FAA1B8253F000650974 /* beerglasses.jpg */,
				10EE6E321B7015E6007A8659 /* barnstormer.png */,
				10EE6E381B7028BE007A8659 /* craft-beer-map_rotated.jpg */,
				10EE6E301B700DAB007A8659 /* taphouse2.jpg */,
				109C6AB91B7A86C300C955B4 /* craft-beer-mapLarge.jpg */,
				0F87904F1B8B84A6000E13B1 /* square_map.png */,
				10EE6E341B702058007A8659 /* craft-beer-map.jpg */,
				10EE6DF31B6FE341007A8659 /* Images.xcassets */,
				10EE6DF51B6FE341007A8659 /* LaunchScreen.xib */,
				10EE6DEA1B6FE341007A8659 /* Supporting Files */,
			);
			name = CraftBeerMap;
			path = "Craft Beer Map";
			sourceTree = "<group>";
		};
		10EE6DEA1B6FE341007A8659 /* Supporting Files */ = {
			isa = PBXGroup;
			children = (
				10EE6DEB1B6FE341007A8659 /* Info.plist */,
			);
			name = "Supporting Files";
			sourceTree = "<group>";
		};
		10EE6DFF1B6FE341007A8659 /* CraftBeerMapTests */ = {
			isa = PBXGroup;
			children = (
				10EE6E021B6FE341007A8659 /* CraftBeerMapTests.swift */,
				10EE6E001B6FE341007A8659 /* Supporting Files */,
			);
			name = CraftBeerMapTests;
			path = "Craft Beer MapTests";
			sourceTree = "<group>";
		};
		10EE6E001B6FE341007A8659 /* Supporting Files */ = {
			isa = PBXGroup;
			children = (
				10EE6E011B6FE341007A8659 /* Info.plist */,
			);
			name = "Supporting Files";
			sourceTree = "<group>";
		};
/* End PBXGroup section */

/* Begin PBXNativeTarget section */
		10EE6DE61B6FE341007A8659 /* CraftBeerMap */ = {
			isa = PBXNativeTarget;
			buildConfigurationList = 10EE6E061B6FE341007A8659 /* Build configuration list for PBXNativeTarget "CraftBeerMap" */;
			buildPhases = (
				10EE6DE31B6FE341007A8659 /* Sources */,
				10EE6DE41B6FE341007A8659 /* Frameworks */,
				10EE6DE51B6FE341007A8659 /* Resources */,
			);
			buildRules = (
			);
			dependencies = (
			);
			name = CraftBeerMap;
			productName = "Craft Beer Map";
			productReference = 10EE6DE71B6FE341007A8659 /* CraftBeerMap.app */;
			productType = "com.apple.product-type.application";
		};
		10EE6DFB1B6FE341007A8659 /* Craft Beer MapTests */ = {
			isa = PBXNativeTarget;
			buildConfigurationList = 10EE6E091B6FE341007A8659 /* Build configuration list for PBXNativeTarget "Craft Beer MapTests" */;
			buildPhases = (
				10EE6DF81B6FE341007A8659 /* Sources */,
				10EE6DF91B6FE341007A8659 /* Frameworks */,
				10EE6DFA1B6FE341007A8659 /* Resources */,
			);
			buildRules = (
			);
			dependencies = (
				10EE6DFE1B6FE341007A8659 /* PBXTargetDependency */,
			);
			name = "Craft Beer MapTests";
			productName = "Craft Beer MapTests";
			productReference = 10EE6DFC1B6FE341007A8659 /* Craft Beer MapTests.xctest */;
			productType = "com.apple.product-type.bundle.unit-test";
		};
/* End PBXNativeTarget section */

/* Begin PBXProject section */
		10EE6DDF1B6FE341007A8659 /* Project object */ = {
			isa = PBXProject;
			attributes = {
				LastUpgradeCheck = 0640;
				ORGANIZATIONNAME = "Gregory Lavery";
				TargetAttributes = {
					10EE6DE61B6FE341007A8659 = {
						CreatedOnToolsVersion = 6.4;
						DevelopmentTeam = AK2R4KC4GV;
					};
					10EE6DFB1B6FE341007A8659 = {
						CreatedOnToolsVersion = 6.4;
					};
				};
			};
			buildConfigurationList = 10EE6DE21B6FE341007A8659 /* Build configuration list for PBXProject "CraftBeerMap" */;
			compatibilityVersion = "Xcode 3.2";
			developmentRegion = English;
			hasScannedForEncodings = 0;
			knownRegions = (
				en,
				Base,
			);
			mainGroup = 10EE6DDE1B6FE341007A8659;
			productRefGroup = 10EE6DE81B6FE341007A8659 /* Products */;
			projectDirPath = "";
			projectRoot = "";
			targets = (
				10EE6DE61B6FE341007A8659 /* CraftBeerMap */,
				10EE6DFB1B6FE341007A8659 /* Craft Beer MapTests */,
			);
		};
/* End PBXProject section */

/* Begin PBXResourcesBuildPhase section */
		10EE6DE51B6FE341007A8659 /* Resources */ = {
			isa = PBXResourcesBuildPhase;
			buildActionMask = 2147483647;
			files = (
				10EE6E391B7028BE007A8659 /* craft-beer-map_rotated.jpg in Resources */,
				10EE6E191B6FFF03007A8659 /* Blue-Buck-Poster-full-size-2.jpg in Resources */,
				10ECECDC1B979FB9008F6114 /* canoe.png in Resources */,
				10ECECDE1B979FC2008F6114 /* phillips.png in Resources */,
				16213FAB1B8253F000650974 /* beerglasses.jpg in Resources */,
				10EE6DF21B6FE341007A8659 /* Main.storyboard in Resources */,
				10EE6E2B1B700641007A8659 /* 1438651657_factory.png in Resources */,
				10EE6DF71B6FE341007A8659 /* LaunchScreen.xib in Resources */,
				10EE6E2F1B700701007A8659 /* 1438651851_beer.png in Resources */,
				10EE6E0D1B6FE44E007A8659 /* BeerMap-Cover1.jpg in Resources */,
				109C6ABA1B7A86C300C955B4 /* craft-beer-mapLarge.jpg in Resources */,
				10ECECD81B979FA2008F6114 /* irishtimes.png in Resources */,
				167F71141B82459C00DAC9C6 /* Default-568h@2x.png in Resources */,
				10EE6E291B7005CF007A8659 /* 1438651544_09-house.png in Resources */,
				10EE6E351B702058007A8659 /* craft-beer-map.jpg in Resources */,
				10EE6E311B700DAB007A8659 /* taphouse2.jpg in Resources */,
				10EE6E211B70049F007A8659 /* 1438650995_beer.png in Resources */,
				10EE6E2D1B7006BD007A8659 /* 1438651783_walking.png in Resources */,
				10ECECDA1B979FB0008F6114 /* VIB.png in Resources */,
				0F8790501B8B84A6000E13B1 /* square_map.png in Resources */,
				10EE6E271B700586007A8659 /* 1438651466_location-24.png in Resources */,
				10EE6DF41B6FE341007A8659 /* Images.xcassets in Resources */,
				10ECECE01B979FC8008F6114 /* bard.png in Resources */,
				10EE6E331B7015E6007A8659 /* barnstormer.png in Resources */,
				16C71D6F1B828B8F00B75418 /* Hermanns-old-6-pack-400.jpg in Resources */,
			);
			runOnlyForDeploymentPostprocessing = 0;
		};
		10EE6DFA1B6FE341007A8659 /* Resources */ = {
			isa = PBXResourcesBuildPhase;
			buildActionMask = 2147483647;
			files = (
			);
			runOnlyForDeploymentPostprocessing = 0;
		};
/* End PBXResourcesBuildPhase section */

/* Begin PBXSourcesBuildPhase section */
		10EE6DE31B6FE341007A8659 /* Sources */ = {
			isa = PBXSourcesBuildPhase;
			buildActionMask = 2147483647;
			files = (
				109C6AB81B7A805100C955B4 /* CraftBeerMap.xcdatamodeld in Sources */,
				10EE6DEF1B6FE341007A8659 /* MapViewController.swift in Sources */,
				109C6ABC1B7AA5CC00C955B4 /* Brewer.swift in Sources */,
				10EE6E1B1B6FFF53007A8659 /* BeerDetailViewController.swift in Sources */,
				0F8790521B8B9D81000E13B1 /* TapHouseDetailViewController.swift in Sources */,
				10EE6DED1B6FE341007A8659 /* AppDelegate.swift in Sources */,
				10EE6E0F1B6FE93B007A8659 /* BeersUIViewController.swift in Sources */,
				10EE6E131B6FE961007A8659 /* BreweriesUIViewController.swift in Sources */,
				16C71D711B828C1600B75418 /* BrewerDetailViewController.swift in Sources */,
				0F8790601B8FC570000E13B1 /* ToursDetailViewController.swift in Sources */,
				10EE6E151B6FE96F007A8659 /* ToursUIViewController.swift in Sources */,
				10EE6E111B6FE951007A8659 /* TapHousesUIViewController.swift in Sources */,
			);
			runOnlyForDeploymentPostprocessing = 0;
		};
		10EE6DF81B6FE341007A8659 /* Sources */ = {
			isa = PBXSourcesBuildPhase;
			buildActionMask = 2147483647;
			files = (
				10EE6E031B6FE341007A8659 /* CraftBeerMapTests.swift in Sources */,
			);
			runOnlyForDeploymentPostprocessing = 0;
		};
/* End PBXSourcesBuildPhase section */

/* Begin PBXTargetDependency section */
		10EE6DFE1B6FE341007A8659 /* PBXTargetDependency */ = {
			isa = PBXTargetDependency;
			target = 10EE6DE61B6FE341007A8659 /* CraftBeerMap */;
			targetProxy = 10EE6DFD1B6FE341007A8659 /* PBXContainerItemProxy */;
		};
/* End PBXTargetDependency section */

/* Begin PBXVariantGroup section */
		10EE6DF01B6FE341007A8659 /* Main.storyboard */ = {
			isa = PBXVariantGroup;
			children = (
				10EE6DF11B6FE341007A8659 /* Base */,
			);
			name = Main.storyboard;
			sourceTree = "<group>";
		};
		10EE6DF51B6FE341007A8659 /* LaunchScreen.xib */ = {
			isa = PBXVariantGroup;
			children = (
				10EE6DF61B6FE341007A8659 /* Base */,
			);
			name = LaunchScreen.xib;
			sourceTree = "<group>";
		};
/* End PBXVariantGroup section */

/* Begin XCBuildConfiguration section */
		10EE6E041B6FE341007A8659 /* Debug */ = {
			isa = XCBuildConfiguration;
			buildSettings = {
				ALWAYS_SEARCH_USER_PATHS = NO;
				CLANG_CXX_LANGUAGE_STANDARD = "gnu++0x";
				CLANG_CXX_LIBRARY = "libc++";
				CLANG_ENABLE_MODULES = YES;
				CLANG_ENABLE_OBJC_ARC = YES;
				CLANG_WARN_BOOL_CONVERSION = YES;
				CLANG_WARN_CONSTANT_CONVERSION = YES;
				CLANG_WARN_DIRECT_OBJC_ISA_USAGE = YES_ERROR;
				CLANG_WARN_EMPTY_BODY = YES;
				CLANG_WARN_ENUM_CONVERSION = YES;
				CLANG_WARN_INT_CONVERSION = YES;
				CLANG_WARN_OBJC_ROOT_CLASS = YES_ERROR;
				CLANG_WARN_UNREACHABLE_CODE = YES;
				CLANG_WARN__DUPLICATE_METHOD_MATCH = YES;
				"CODE_SIGN_IDENTITY[sdk=iphoneos*]" = "iPhone Developer";
				COPY_PHASE_STRIP = NO;
				DEBUG_INFORMATION_FORMAT = "dwarf-with-dsym";
				ENABLE_STRICT_OBJC_MSGSEND = YES;
				GCC_C_LANGUAGE_STANDARD = gnu99;
				GCC_DYNAMIC_NO_PIC = NO;
				GCC_NO_COMMON_BLOCKS = YES;
				GCC_OPTIMIZATION_LEVEL = 0;
				GCC_PREPROCESSOR_DEFINITIONS = (
					"DEBUG=1",
					"$(inherited)",
				);
				GCC_SYMBOLS_PRIVATE_EXTERN = NO;
				GCC_WARN_64_TO_32_BIT_CONVERSION = YES;
				GCC_WARN_ABOUT_RETURN_TYPE = YES_ERROR;
				GCC_WARN_UNDECLARED_SELECTOR = YES;
				GCC_WARN_UNINITIALIZED_AUTOS = YES_AGGRESSIVE;
				GCC_WARN_UNUSED_FUNCTION = YES;
				GCC_WARN_UNUSED_VARIABLE = YES;
				IPHONEOS_DEPLOYMENT_TARGET = 7.1;
				MTL_ENABLE_DEBUG_INFO = YES;
				ONLY_ACTIVE_ARCH = YES;
				SDKROOT = iphoneos;
				SWIFT_OPTIMIZATION_LEVEL = "-Onone";
				TARGETED_DEVICE_FAMILY = "1,2";
			};
			name = Debug;
		};
		10EE6E051B6FE341007A8659 /* Release */ = {
			isa = XCBuildConfiguration;
			buildSettings = {
				ALWAYS_SEARCH_USER_PATHS = NO;
				CLANG_CXX_LANGUAGE_STANDARD = "gnu++0x";
				CLANG_CXX_LIBRARY = "libc++";
				CLANG_ENABLE_MODULES = YES;
				CLANG_ENABLE_OBJC_ARC = YES;
				CLANG_WARN_BOOL_CONVERSION = YES;
				CLANG_WARN_CONSTANT_CONVERSION = YES;
				CLANG_WARN_DIRECT_OBJC_ISA_USAGE = YES_ERROR;
				CLANG_WARN_EMPTY_BODY = YES;
				CLANG_WARN_ENUM_CONVERSION = YES;
				CLANG_WARN_INT_CONVERSION = YES;
				CLANG_WARN_OBJC_ROOT_CLASS = YES_ERROR;
				CLANG_WARN_UNREACHABLE_CODE = YES;
				CLANG_WARN__DUPLICATE_METHOD_MATCH = YES;
				"CODE_SIGN_IDENTITY[sdk=iphoneos*]" = "iPhone Developer";
				COPY_PHASE_STRIP = NO;
				DEBUG_INFORMATION_FORMAT = "dwarf-with-dsym";
				ENABLE_NS_ASSERTIONS = NO;
				ENABLE_STRICT_OBJC_MSGSEND = YES;
				GCC_C_LANGUAGE_STANDARD = gnu99;
				GCC_NO_COMMON_BLOCKS = YES;
				GCC_WARN_64_TO_32_BIT_CONVERSION = YES;
				GCC_WARN_ABOUT_RETURN_TYPE = YES_ERROR;
				GCC_WARN_UNDECLARED_SELECTOR = YES;
				GCC_WARN_UNINITIALIZED_AUTOS = YES_AGGRESSIVE;
				GCC_WARN_UNUSED_FUNCTION = YES;
				GCC_WARN_UNUSED_VARIABLE = YES;
				IPHONEOS_DEPLOYMENT_TARGET = 7.1;
				MTL_ENABLE_DEBUG_INFO = NO;
				SDKROOT = iphoneos;
				TARGETED_DEVICE_FAMILY = "1,2";
				VALIDATE_PRODUCT = YES;
			};
			name = Release;
		};
		10EE6E071B6FE341007A8659 /* Debug */ = {
			isa = XCBuildConfiguration;
			buildSettings = {
				ASSETCATALOG_COMPILER_APPICON_NAME = AppIcon;
				CODE_SIGN_IDENTITY = "iPhone Developer";
				"CODE_SIGN_IDENTITY[sdk=iphoneos*]" = "iPhone Developer";
				INFOPLIST_FILE = "$(SRCROOT)/Craft Beer Map/Info.plist";
				IPHONEOS_DEPLOYMENT_TARGET = 8.0;
				LD_RUNPATH_SEARCH_PATHS = "$(inherited) @executable_path/Frameworks";
				PRODUCT_NAME = "$(TARGET_NAME)";
				PROVISIONING_PROFILE = "";
			};
			name = Debug;
		};
		10EE6E081B6FE341007A8659 /* Release */ = {
			isa = XCBuildConfiguration;
			buildSettings = {
				ASSETCATALOG_COMPILER_APPICON_NAME = AppIcon;
				CODE_SIGN_IDENTITY = "iPhone Developer";
				"CODE_SIGN_IDENTITY[sdk=iphoneos*]" = "iPhone Developer";
				INFOPLIST_FILE = "$(SRCROOT)/Craft Beer Map/Info.plist";
				IPHONEOS_DEPLOYMENT_TARGET = 8.0;
				LD_RUNPATH_SEARCH_PATHS = "$(inherited) @executable_path/Frameworks";
				PRODUCT_NAME = "$(TARGET_NAME)";
				PROVISIONING_PROFILE = "";
			};
			name = Release;
		};
		10EE6E0A1B6FE341007A8659 /* Debug */ = {
			isa = XCBuildConfiguration;
			buildSettings = {
				FRAMEWORK_SEARCH_PATHS = (
					"$(SDKROOT)/Developer/Library/Frameworks",
					"$(inherited)",
				);
				GCC_PREPROCESSOR_DEFINITIONS = (
					"DEBUG=1",
					"$(inherited)",
				);
				INFOPLIST_FILE = "Craft Beer MapTests/Info.plist";
				LD_RUNPATH_SEARCH_PATHS = "$(inherited) @executable_path/Frameworks @loader_path/Frameworks";
				PRODUCT_NAME = "$(TARGET_NAME)";
			};
			name = Debug;
		};
		10EE6E0B1B6FE341007A8659 /* Release */ = {
			isa = XCBuildConfiguration;
			buildSettings = {
				FRAMEWORK_SEARCH_PATHS = (
					"$(SDKROOT)/Developer/Library/Frameworks",
					"$(inherited)",
				);
				INFOPLIST_FILE = "Craft Beer MapTests/Info.plist";
				LD_RUNPATH_SEARCH_PATHS = "$(inherited) @executable_path/Frameworks @loader_path/Frameworks";
				PRODUCT_NAME = "$(TARGET_NAME)";
			};
			name = Release;
		};
/* End XCBuildConfiguration section */

/* Begin XCConfigurationList section */
		10EE6DE21B6FE341007A8659 /* Build configuration list for PBXProject "CraftBeerMap" */ = {
			isa = XCConfigurationList;
			buildConfigurations = (
				10EE6E041B6FE341007A8659 /* Debug */,
				10EE6E051B6FE341007A8659 /* Release */,
			);
			defaultConfigurationIsVisible = 0;
			defaultConfigurationName = Release;
		};
		10EE6E061B6FE341007A8659 /* Build configuration list for PBXNativeTarget "CraftBeerMap" */ = {
			isa = XCConfigurationList;
			buildConfigurations = (
				10EE6E071B6FE341007A8659 /* Debug */,
				10EE6E081B6FE341007A8659 /* Release */,
			);
			defaultConfigurationIsVisible = 0;
			defaultConfigurationName = Release;
		};
		10EE6E091B6FE341007A8659 /* Build configuration list for PBXNativeTarget "Craft Beer MapTests" */ = {
			isa = XCConfigurationList;
			buildConfigurations = (
				10EE6E0A1B6FE341007A8659 /* Debug */,
				10EE6E0B1B6FE341007A8659 /* Release */,
			);
			defaultConfigurationIsVisible = 0;
			defaultConfigurationName = Release;
		};
/* End XCConfigurationList section */

/* Begin XCVersionGroup section */
		109C6AB61B7A805100C955B4 /* CraftBeerMap.xcdatamodeld */ = {
			isa = XCVersionGroup;
			children = (
				109C6AB71B7A805100C955B4 /* CraftBeerMap.xcdatamodel */,
			);
			currentVersion = 109C6AB71B7A805100C955B4 /* CraftBeerMap.xcdatamodel */;
			name = CraftBeerMap.xcdatamodeld;
			path = ../CraftBeerMap.xcdatamodeld;
			sourceTree = "<group>";
			versionGroupType = wrapper.xcdatamodel;
		};
/* End XCVersionGroup section */
	};
	rootObject = 10EE6DDF1B6FE341007A8659 /* Project object */;
}
